github.com/Sirupsen/logrus v0.8.8-0.20151204141443-446d1c146faa h1:SVjyjVKPxeZlWjE/I/8rXziR/U6a8xfFmGfB11PL7Z8=
github.com/Sirupsen/logrus v0.8.8-0.20151204141443-446d1c146faa/go.mod h1:rmk17hk6i8ZSAJkSDa7nOxamrG+SP4P0mm+DAvExv4U=
github.com/coreos/go-systemd v0.0.0-20151115220521-4a47042cb1d6 h1:wSnzt2A9Esxlh6bULE0/tClnR7aGS0HNkpzq3w5satI=
github.com/coreos/go-systemd v0.0.0-20151115220521-4a47042cb1d6/go.mod h1:F5haX7vjVVG0kc13fIWeqUViNPyEJxv/OmvnBo0Yme4=
github.com/docker/docker v1.4.2-0.20151205180652-b98577af8310 h1:Oe6biiw2p35OLYCckAXRRBtFQxaqOMrr+v3ASLbOtZ0=
github.com/docker/docker v1.4.2-0.20151205180652-b98577af8310/go.mod h1:eEKB0N0r5NX/I1kEveEz05bcu8tLC/8azJZsviup8Sk=
github.com/dustin/go-humanize v0.0.0-20151125214831-8929fe90cee4 h1:WX/DKY159S5AHCpmUWGsVKoCXqLSpKd0R1150CWscw8=
github.com/dustin/go-humanize v0.0.0-20151125214831-8929fe90cee4/go.mod h1:HtrtbFcZ19U5GC7JDqmcUSB87Iq5E25KnS6fMYU6eOk=
github.com/godbus/dbus v0.0.0-20151130170830-881625768bcd h1:IUYW8EF8DBxPerDGeAcmi3O4QYWKSNVTpwmLJhDPjRs=
github.com/godbus/dbus v0.0.0-20151130170830-881625768bcd/go.mod h1:/YcGZj5zSblfDWMMoOzV4fas9FZnQYTkDnsGvmh2Grw=
github.com/golang/protobuf v0.0.0-20151203213426-087949061006 h1:EH1wTg+XMpzSGkyn4e6RP2Didib76iV2UJknMJwhNn0=
github.com/golang/protobuf v0.0.0-20151203213426-087949061006/go.mod h1:6lQm79b+lXiMfvg/cZm0SGofjICqVBUtrP5yJMmIC1U=
github.com/opencontainers/runc v0.0.6-0.20151130172023-3317785f562b h1:N0fkoa1GhZVS1TkvbXH+xdc+LBg4sXhhV4lRQpg1HfQ=
github.com/opencontainers/runc v0.0.6-0.20151130172023-3317785f562b/go.mod h1:qT5XzbpPznkRYVz/mWwUaVBUv2rmF59PVA73FjuZG0U=
github.com/seccomp/libseccomp-golang v0.9.1 h1:NJjM5DNFOs0s3kYE1WUOr6G8V97sdt46rlXTMfXGWBo=
github.com/seccomp/libseccomp-golang v0.9.1/go.mod h1:GbW5+tmTXfcxTToHLXlScSlAvWlF4P2Ca7zGrPiEpWo=
github.com/syndtr/gocapability v0.0.0-20150716010906-2c00daeb6c3b h1:UzwAjzrPQVJoxLfb26YI2WRrhD3g09ZHt9vAQckWiPY=
github.com/syndtr/gocapability v0.0.0-20150716010906-2c00daeb6c3b/go.mod h1:hkRG7XYTFWNJGYcbNJQlaLq0fg1yr4J4t/NcTQtrfww=
github.com/vishvananda/netlink v1.1.0 h1:1iyaYNBLmP6L0220aDnYQpo1QEV4t4hJ+xEEhhJH8j0=
github.com/vishvananda/netlink v1.1.0/go.mod h1:cTgwzPIzzgDAYoQrMm0EdrjRUBkTqKYppBueQtXaqoE=
github.com/vishvananda/netns v0.0.0-20191106174202-0a2b9b5464df h1:OviZH7qLw/7ZovXvuNyL3XQl8UFofeikI1NW1Gypu7k=
github.com/vishvananda/netns v0.0.0-20191106174202-0a2b9b5464df/go.mod h1:JP3t17pCcGlemwknint6hfoeCVQrEMVwxRLRjXpq+BU=
golang.org/x/sys v0.0.0-20190606203320-7fc4e5ec1444/go.mod h1:h1NjWce9XRLGQEsW7wpKNCjG9DtNlClVuFLEZdDNbEs=
golang.org/x/sys v0.0.0-20200625212154-ddb9806d33ae h1:Ih9Yo4hSPImZOpfGuA4bR/ORKTAbhZo2AbWNRCnevdo=
golang.org/x/sys v0.0.0-20200625212154-ddb9806d33ae/go.mod h1:h1NjWce9XRLGQEsW7wpKNCjG9DtNlClVuFLEZdDNbEs=
